
Microsoft Visual Studio Solution File, Format Version 12.00
# Visual Studio Version 17
VisualStudioVersion = 17.14.36408.4 d17.14
MinimumVisualStudioVersion = 10.0.40219.1
Project("{FAE04EC0-301F-11D3-BF4B-00C04F79EFBC}") = "BankAPIproject", "BankAPIproject.csproj", "{3B1D007F-C54B-4171-3B5E-A78C20DAC6A3}"
EndProject
Global
	GlobalSection(SolutionConfigurationPlatforms) = preSolution
		Debug|Any CPU = Debug|Any CPU
		Release|Any CPU = Release|Any CPU
	EndGlobalSection
	GlobalSection(ProjectConfigurationPlatforms) = postSolution
		{3B1D007F-C54B-4171-3B5E-A78C20DAC6A3}.Debug|Any CPU.ActiveCfg = Debug|Any CPU
		{3B1D007F-C54B-4171-3B5E-A78C20DAC6A3}.Debug|Any CPU.Build.0 = Debug|Any CPU
		{3B1D007F-C54B-4171-3B5E-A78C20DAC6A3}.Release|Any CPU.ActiveCfg = Release|Any CPU
		{3B1D007F-C54B-4171-3B5E-A78C20DAC6A3}.Release|Any CPU.Build.0 = Release|Any CPU
	EndGlobalSection
	GlobalSection(SolutionProperties) = preSolution
		HideSolutionNode = FALSE
	EndGlobalSection
	GlobalSection(ExtensibilityGlobals) = postSolution
		SolutionGuid = {944D3B75-F66C-428D-84BB-D32B413D7195}
	EndGlobalSection
EndGlobal
